{
  "version": 4,
  "terraform_version": "1.1.3",
  "serial": 26,
  "lineage": "00d32881-d800-b2b1-5ffb-807d6756a150",
  "outputs": {
    "account_id": {
      "value": "678260741805",
      "type": "string"
    },
    "password": {
      "value": [
        "wcFMAxKA/N2tPyfCARAAczNi8vqa0MwXHOfkU1mvQ+WTeNbl26bbPopNlDWCj//CjQmDpOKOjkSatnfdZkIwRqbFgnkImuQSKoywHrNMyKKvr8jQVvElYeZoJcsh/BgcU1sCAVt4/06sQBIza0UwXnIrZ1MjaPnvC1G/DLArNOVuXaT0nXGJo67d8TKcGFPw9+Wk8pdj0lGI3k4OjPjI/i/5z5eEHrFqYcGT4gmMrLkBSmWFbrc+hk4nlvtKJdGpkcWHZamSaEqfLQMHDM38+SJPydxx+wbt2JUCz1GHyFx+omTZtiZFUUHcWrm5wgnF5ouFjvoR0GzAHsUBkJTkzW8WFEbI0W5+luhY+NkacbQ8QMJXinAUx6aINdxBIFWnXT934lGsUFu/IgKaKxjJIAr5k4ACgn80iKWu6c03UXCOyTpRtr+HZQHncGmAltMGI3v9JzGKRJptpInZDebZ1PIl0ouowJJc2dl/wrhfNhLNYqy2ghUBigAEC/LlPLcmLOC9x3jqzMGllqWss42I5eCYb5F3CA4FkahvxNfX7qWWx5Fbk0tCyuCYvhDZqQxW1ljl1ATPyT5DtbvFfyo9EcbTumvZCVYGuz1ueLwcKYY8mqVOISX5EycxRh16zaaxGgCWJ+KxvJq+bged+da4f/muJKzidP04jaUGgGrUNOTSZESq9W+eQ1VyG8Cy80LS4AHkNVflrgTztsOxL/4jrAkZcOFqvOC14A/hB+Tg5OIMwpEI4J7kbilRlaXe2mrk7rnVVupId+Ab4tV6Lnbg++SD9jV4E2uwYGk6+UawevRS4gZ5y2Lh6vMA"
      ],
      "type": [
        "tuple",
        [
          "string"
        ]
      ]
    }
  },
  "resources": [
    {
      "mode": "data",
      "type": "aws_caller_identity",
      "name": "current",
      "provider": "provider[\"registry.terraform.io/hashicorp/aws\"]",
      "instances": [
        {
          "schema_version": 0,
          "attributes": {
            "account_id": "678260741805",
            "arn": "arn:aws:iam::678260741805:root",
            "id": "678260741805",
            "user_id": "678260741805"
          },
          "sensitive_attributes": []
        }
      ]
    },
    {
      "mode": "managed",
      "type": "aws_eip",
      "name": "nat_eip",
      "provider": "provider[\"registry.terraform.io/hashicorp/aws\"]",
      "instances": [
        {
          "schema_version": 0,
          "attributes": {
            "address": null,
            "allocation_id": "eipalloc-0c152cc075bf5d189",
            "associate_with_private_ip": null,
            "association_id": "eipassoc-0bd92253ccd050a94",
            "carrier_ip": "",
            "customer_owned_ip": "",
            "customer_owned_ipv4_pool": "",
            "domain": "vpc",
            "id": "eipalloc-0c152cc075bf5d189",
            "instance": "",
            "network_border_group": "us-east-2",
            "network_interface": "eni-0ea5488d8c5170136",
            "private_dns": "ip-10-0-0-34.us-east-2.compute.internal",
            "private_ip": "10.0.0.34",
            "public_dns": "ec2-3-131-79-153.us-east-2.compute.amazonaws.com",
            "public_ip": "3.131.79.153",
            "public_ipv4_pool": "amazon",
            "tags": {
              "Name": "NAT Gateway EIP"
            },
            "tags_all": {
              "Name": "NAT Gateway EIP"
            },
            "timeouts": null,
            "vpc": true
          },
          "sensitive_attributes": [],
          "private": "eyJlMmJmYjczMC1lY2FhLTExZTYtOGY4OC0zNDM2M2JjN2M0YzAiOnsiZGVsZXRlIjoxODAwMDAwMDAwMDAsInJlYWQiOjkwMDAwMDAwMDAwMCwidXBkYXRlIjozMDAwMDAwMDAwMDB9fQ==",
          "dependencies": [
            "aws_internet_gateway.gw-thai",
            "aws_vpc.vpc-thai"
          ]
        }
      ]
    },
    {
      "mode": "managed",
      "type": "aws_iam_group",
      "name": "ec2-container-registry-power-user-group",
      "provider": "provider[\"registry.terraform.io/hashicorp/aws\"]",
      "instances": [
        {
          "schema_version": 0,
          "attributes": {
            "arn": "arn:aws:iam::678260741805:group/ec2-container-registry-power-user-group",
            "id": "ec2-container-registry-power-user-group",
            "name": "ec2-container-registry-power-user-group",
            "path": "/",
            "unique_id": "AGPAZ3235S2W2V7I255PL"
          },
          "sensitive_attributes": [],
          "private": "bnVsbA=="
        }
      ]
    },
    {
      "mode": "managed",
      "type": "aws_iam_group_membership",
      "name": "assigment",
      "provider": "provider[\"registry.terraform.io/hashicorp/aws\"]",
      "instances": [
        {
          "schema_version": 0,
          "attributes": {
            "group": "ec2-container-registry-power-user-group",
            "id": "assigment",
            "name": "assigment",
            "users": [
              "user1",
              "user2"
            ]
          },
          "sensitive_attributes": [],
          "private": "bnVsbA==",
          "dependencies": [
            "aws_iam_group.ec2-container-registry-power-user-group",
            "aws_iam_user.user1",
            "aws_iam_user.user2"
          ]
        }
      ]
    },
    {
      "mode": "managed",
      "type": "aws_iam_policy",
      "name": "policy",
      "provider": "provider[\"registry.terraform.io/hashicorp/aws\"]",
      "instances": [
        {
          "schema_version": 0,
          "attributes": {
            "arn": "arn:aws:iam::678260741805:policy/policy",
            "description": "",
            "id": "arn:aws:iam::678260741805:policy/policy",
            "name": "policy",
            "name_prefix": null,
            "path": "/",
            "policy": "{\"Statement\":[{\"Action\":[\"ec2:Describe*\",\"iam:Get*\",\"iam:List*\"],\"Effect\":\"Deny\",\"Resource\":\"*\"}],\"Version\":\"2012-10-17\"}",
            "policy_id": "ANPAZ3235S2WRJC5TJ74F",
            "tags": {},
            "tags_all": {}
          },
          "sensitive_attributes": [],
          "private": "bnVsbA=="
        }
      ]
    },
    {
      "mode": "managed",
      "type": "aws_iam_policy_attachment",
      "name": "test-attach",
      "provider": "provider[\"registry.terraform.io/hashicorp/aws\"]",
      "instances": [
        {
          "schema_version": 0,
          "attributes": {
            "groups": [
              "ec2-container-registry-power-user-group"
            ],
            "id": "test-attachment",
            "name": "test-attachment",
            "policy_arn": "arn:aws:iam::678260741805:policy/policy",
            "roles": [
              "role"
            ],
            "users": [
              "user1",
              "user2"
            ]
          },
          "sensitive_attributes": [],
          "private": "bnVsbA==",
          "dependencies": [
            "aws_iam_user.user2",
            "aws_iam_group.ec2-container-registry-power-user-group",
            "aws_iam_policy.policy",
            "aws_iam_role.role",
            "aws_iam_user.user1"
          ]
        }
      ]
    },
    {
      "mode": "managed",
      "type": "aws_iam_role",
      "name": "role",
      "provider": "provider[\"registry.terraform.io/hashicorp/aws\"]",
      "instances": [
        {
          "schema_version": 0,
          "attributes": {
            "arn": "arn:aws:iam::678260741805:role/role",
            "assume_role_policy": "{\"Version\":\"2012-10-17\",\"Statement\":[{\"Sid\":\"\",\"Effect\":\"Allow\",\"Principal\":{\"Service\":\"ec2.amazonaws.com\"},\"Action\":\"sts:AssumeRole\"}]}",
            "create_date": "2022-02-11T03:20:01Z",
            "description": "",
            "force_detach_policies": false,
            "id": "role",
            "inline_policy": [
              {
                "name": "",
                "policy": ""
              }
            ],
            "managed_policy_arns": [
              "arn:aws:iam::678260741805:policy/policy"
            ],
            "max_session_duration": 3600,
            "name": "role",
            "name_prefix": "",
            "path": "/",
            "permissions_boundary": null,
            "tags": {},
            "tags_all": {},
            "unique_id": "AROAZ3235S2W2K4C4ZDY6"
          },
          "sensitive_attributes": [],
          "private": "bnVsbA=="
        }
      ]
    },
    {
      "mode": "managed",
      "type": "aws_iam_user",
      "name": "user1",
      "provider": "provider[\"registry.terraform.io/hashicorp/aws\"]",
      "instances": [
        {
          "schema_version": 0,
          "attributes": {
            "arn": "arn:aws:iam::678260741805:user/user1",
            "force_destroy": false,
            "id": "user1",
            "name": "user1",
            "path": "/",
            "permissions_boundary": null,
            "tags": {},
            "tags_all": {},
            "unique_id": "AIDAZ3235S2WYSI7TRBOV"
          },
          "sensitive_attributes": [],
          "private": "bnVsbA=="
        }
      ]
    },
    {
      "mode": "managed",
      "type": "aws_iam_user",
      "name": "user2",
      "provider": "provider[\"registry.terraform.io/hashicorp/aws\"]",
      "instances": [
        {
          "schema_version": 0,
          "attributes": {
            "arn": "arn:aws:iam::678260741805:user/user2",
            "force_destroy": false,
            "id": "user2",
            "name": "user2",
            "path": "/",
            "permissions_boundary": null,
            "tags": {},
            "tags_all": {},
            "unique_id": "AIDAZ3235S2WVMLD63ATB"
          },
          "sensitive_attributes": [],
          "private": "bnVsbA=="
        }
      ]
    },
    {
      "mode": "managed",
      "type": "aws_iam_user_login_profile",
      "name": "login",
      "provider": "provider[\"registry.terraform.io/hashicorp/aws\"]",
      "instances": [
        {
          "schema_version": 0,
          "attributes": {
            "encrypted_password": "wcFMAxKA/N2tPyfCARAAczNi8vqa0MwXHOfkU1mvQ+WTeNbl26bbPopNlDWCj//CjQmDpOKOjkSatnfdZkIwRqbFgnkImuQSKoywHrNMyKKvr8jQVvElYeZoJcsh/BgcU1sCAVt4/06sQBIza0UwXnIrZ1MjaPnvC1G/DLArNOVuXaT0nXGJo67d8TKcGFPw9+Wk8pdj0lGI3k4OjPjI/i/5z5eEHrFqYcGT4gmMrLkBSmWFbrc+hk4nlvtKJdGpkcWHZamSaEqfLQMHDM38+SJPydxx+wbt2JUCz1GHyFx+omTZtiZFUUHcWrm5wgnF5ouFjvoR0GzAHsUBkJTkzW8WFEbI0W5+luhY+NkacbQ8QMJXinAUx6aINdxBIFWnXT934lGsUFu/IgKaKxjJIAr5k4ACgn80iKWu6c03UXCOyTpRtr+HZQHncGmAltMGI3v9JzGKRJptpInZDebZ1PIl0ouowJJc2dl/wrhfNhLNYqy2ghUBigAEC/LlPLcmLOC9x3jqzMGllqWss42I5eCYb5F3CA4FkahvxNfX7qWWx5Fbk0tCyuCYvhDZqQxW1ljl1ATPyT5DtbvFfyo9EcbTumvZCVYGuz1ueLwcKYY8mqVOISX5EycxRh16zaaxGgCWJ+KxvJq+bged+da4f/muJKzidP04jaUGgGrUNOTSZESq9W+eQ1VyG8Cy80LS4AHkNVflrgTztsOxL/4jrAkZcOFqvOC14A/hB+Tg5OIMwpEI4J7kbilRlaXe2mrk7rnVVupId+Ab4tV6Lnbg++SD9jV4E2uwYGk6+UawevRS4gZ5y2Lh6vMA",
            "id": "user1",
            "key_fingerprint": "947709628b7785e0cfd9c6b6fe04a3264555333c",
            "password_length": 20,
            "password_reset_required": true,
            "pgp_key": "keybase:thainguyen23",
            "user": "user1"
          },
          "sensitive_attributes": [],
          "private": "bnVsbA==",
          "dependencies": [
            "aws_iam_user.user1"
          ]
        }
      ]
    },
    {
      "mode": "managed",
      "type": "aws_instance",
      "name": "ubuntu-tf",
      "provider": "provider[\"registry.terraform.io/hashicorp/aws\"]",
      "instances": [
        {
          "schema_version": 1,
          "attributes": {
            "ami": "ami-0fb653ca2d3203ac1",
            "arn": "arn:aws:ec2:us-east-2:678260741805:instance/i-0cd4c8f2945e15b1f",
            "associate_public_ip_address": false,
            "availability_zone": "us-east-2a",
            "capacity_reservation_specification": [
              {
                "capacity_reservation_preference": "open",
                "capacity_reservation_target": []
              }
            ],
            "cpu_core_count": 1,
            "cpu_threads_per_core": 1,
            "credit_specification": [
              {
                "cpu_credits": "standard"
              }
            ],
            "disable_api_termination": false,
            "ebs_block_device": [],
            "ebs_optimized": false,
            "enclave_options": [
              {
                "enabled": false
              }
            ],
            "ephemeral_block_device": [],
            "get_password_data": false,
            "hibernation": false,
            "host_id": null,
            "iam_instance_profile": "",
            "id": "i-0cd4c8f2945e15b1f",
            "instance_initiated_shutdown_behavior": "stop",
            "instance_state": "running",
            "instance_type": "t2.micro",
            "ipv6_address_count": 0,
            "ipv6_addresses": [],
            "key_name": "",
            "launch_template": [],
            "metadata_options": [
              {
                "http_endpoint": "enabled",
                "http_put_response_hop_limit": 1,
                "http_tokens": "optional"
              }
            ],
            "monitoring": false,
            "network_interface": [],
            "outpost_arn": "",
            "password_data": "",
            "placement_group": "",
            "placement_partition_number": null,
            "primary_network_interface_id": "eni-087e5a1f1ecc038f0",
            "private_dns": "ip-10-0-1-86.us-east-2.compute.internal",
            "private_ip": "10.0.1.86",
            "public_dns": "",
            "public_ip": "",
            "root_block_device": [
              {
                "delete_on_termination": true,
                "device_name": "/dev/sda1",
                "encrypted": false,
                "iops": 100,
                "kms_key_id": "",
                "tags": {},
                "throughput": 0,
                "volume_id": "vol-0f93b79f8fdb4f409",
                "volume_size": 8,
                "volume_type": "gp2"
              }
            ],
            "secondary_private_ips": [],
            "security_groups": [],
            "source_dest_check": true,
            "subnet_id": "subnet-0218b9d9333743c26",
            "tags": {},
            "tags_all": {},
            "tenancy": "default",
            "timeouts": null,
            "user_data": "d4228dc1ea6a1979073dc0b927984bb26b1c7cfa",
            "user_data_base64": null,
            "volume_tags": null,
            "vpc_security_group_ids": [
              "sg-087a000891bcc4ab9"
            ]
          },
          "sensitive_attributes": [],
          "private": "eyJlMmJmYjczMC1lY2FhLTExZTYtOGY4OC0zNDM2M2JjN2M0YzAiOnsiY3JlYXRlIjo2MDAwMDAwMDAwMDAsImRlbGV0ZSI6MTIwMDAwMDAwMDAwMCwidXBkYXRlIjo2MDAwMDAwMDAwMDB9LCJzY2hlbWFfdmVyc2lvbiI6IjEifQ==",
          "dependencies": [
            "aws_subnet.private",
            "aws_vpc.vpc-thai"
          ]
        }
      ]
    },
    {
      "mode": "managed",
      "type": "aws_internet_gateway",
      "name": "gw-thai",
      "provider": "provider[\"registry.terraform.io/hashicorp/aws\"]",
      "instances": [
        {
          "schema_version": 0,
          "attributes": {
            "arn": "arn:aws:ec2:us-east-2:678260741805:internet-gateway/igw-02885dcc735c68292",
            "id": "igw-02885dcc735c68292",
            "owner_id": "678260741805",
            "tags": {
              "Name": "gw-thai"
            },
            "tags_all": {
              "Name": "gw-thai"
            },
            "vpc_id": "vpc-0a5f8011a3f4b8d12"
          },
          "sensitive_attributes": [],
          "private": "bnVsbA==",
          "dependencies": [
            "aws_vpc.vpc-thai"
          ]
        }
      ]
    },
    {
      "mode": "managed",
      "type": "aws_nat_gateway",
      "name": "nat",
      "provider": "provider[\"registry.terraform.io/hashicorp/aws\"]",
      "instances": [
        {
          "schema_version": 0,
          "attributes": {
            "allocation_id": "eipalloc-0c152cc075bf5d189",
            "connectivity_type": "public",
            "id": "nat-0d5ab578970b6c138",
            "network_interface_id": "eni-0ea5488d8c5170136",
            "private_ip": "10.0.0.34",
            "public_ip": "3.131.79.153",
            "subnet_id": "subnet-0bc0ce32e2722fbf4",
            "tags": {
              "Name": "Main NAT Gateway"
            },
            "tags_all": {
              "Name": "Main NAT Gateway"
            }
          },
          "sensitive_attributes": [],
          "private": "bnVsbA==",
          "dependencies": [
            "aws_eip.nat_eip",
            "aws_internet_gateway.gw-thai",
            "aws_subnet.public",
            "aws_vpc.vpc-thai"
          ]
        }
      ]
    },
    {
      "mode": "managed",
      "type": "aws_route_table",
      "name": "art-thai",
      "provider": "provider[\"registry.terraform.io/hashicorp/aws\"]",
      "instances": [
        {
          "schema_version": 0,
          "attributes": {
            "arn": "arn:aws:ec2:us-east-2:678260741805:route-table/rtb-0cefcda4b9774beaf",
            "id": "rtb-0cefcda4b9774beaf",
            "owner_id": "678260741805",
            "propagating_vgws": [],
            "route": [
              {
                "carrier_gateway_id": "",
                "cidr_block": "0.0.0.0/0",
                "destination_prefix_list_id": "",
                "egress_only_gateway_id": "",
                "gateway_id": "igw-02885dcc735c68292",
                "instance_id": "",
                "ipv6_cidr_block": "",
                "local_gateway_id": "",
                "nat_gateway_id": "",
                "network_interface_id": "",
                "transit_gateway_id": "",
                "vpc_endpoint_id": "",
                "vpc_peering_connection_id": ""
              }
            ],
            "tags": {
              "Name": "art-thai"
            },
            "tags_all": {
              "Name": "art-thai"
            },
            "timeouts": null,
            "vpc_id": "vpc-0a5f8011a3f4b8d12"
          },
          "sensitive_attributes": [],
          "private": "eyJlMmJmYjczMC1lY2FhLTExZTYtOGY4OC0zNDM2M2JjN2M0YzAiOnsiY3JlYXRlIjozMDAwMDAwMDAwMDAsImRlbGV0ZSI6MzAwMDAwMDAwMDAwLCJ1cGRhdGUiOjEyMDAwMDAwMDAwMH19",
          "dependencies": [
            "aws_internet_gateway.gw-thai",
            "aws_vpc.vpc-thai"
          ]
        }
      ]
    },
    {
      "mode": "managed",
      "type": "aws_route_table_association",
      "name": "public-subnet",
      "provider": "provider[\"registry.terraform.io/hashicorp/aws\"]",
      "instances": [
        {
          "schema_version": 0,
          "attributes": {
            "gateway_id": "",
            "id": "rtbassoc-06694561ec9f33651",
            "route_table_id": "rtb-0cefcda4b9774beaf",
            "subnet_id": "subnet-0bc0ce32e2722fbf4"
          },
          "sensitive_attributes": [],
          "private": "bnVsbA==",
          "dependencies": [
            "aws_internet_gateway.gw-thai",
            "aws_route_table.art-thai",
            "aws_subnet.public",
            "aws_vpc.vpc-thai"
          ]
        }
      ]
    },
    {
      "mode": "managed",
      "type": "aws_s3_bucket",
      "name": "s3-terraform",
      "provider": "provider[\"registry.terraform.io/hashicorp/aws\"]",
      "instances": [
        {
          "schema_version": 0,
          "attributes": {
            "acceleration_status": "",
            "acl": "private",
            "arn": "arn:aws:s3:::tf-state-thai",
            "bucket": "tf-state-thai",
            "bucket_domain_name": "tf-state-thai.s3.amazonaws.com",
            "bucket_prefix": null,
            "bucket_regional_domain_name": "tf-state-thai.s3.us-east-2.amazonaws.com",
            "cors_rule": [],
            "force_destroy": false,
            "grant": [],
            "hosted_zone_id": "Z2O1EMRO9K5GLX",
            "id": "tf-state-thai",
            "lifecycle_rule": [],
            "logging": [],
            "object_lock_configuration": [],
            "policy": null,
            "region": "us-east-2",
            "replication_configuration": [],
            "request_payer": "BucketOwner",
            "server_side_encryption_configuration": [
              {
                "rule": [
                  {
                    "apply_server_side_encryption_by_default": [
                      {
                        "kms_master_key_id": "",
                        "sse_algorithm": "AES256"
                      }
                    ],
                    "bucket_key_enabled": false
                  }
                ]
              }
            ],
            "tags": null,
            "tags_all": {},
            "versioning": [
              {
                "enabled": true,
                "mfa_delete": false
              }
            ],
            "website": [],
            "website_domain": null,
            "website_endpoint": null
          },
          "sensitive_attributes": [],
          "private": "bnVsbA=="
        }
      ]
    },
    {
      "mode": "managed",
      "type": "aws_security_group",
      "name": "Sg",
      "provider": "provider[\"registry.terraform.io/hashicorp/aws\"]",
      "instances": [
        {
          "schema_version": 1,
          "attributes": {
            "arn": "arn:aws:ec2:us-east-2:678260741805:security-group/sg-093c58558e6824668",
            "description": "Managed by Terraform",
            "egress": [
              {
                "cidr_blocks": [
                  "0.0.0.0/0"
                ],
                "description": "",
                "from_port": 0,
                "ipv6_cidr_blocks": [],
                "prefix_list_ids": [],
                "protocol": "-1",
                "security_groups": [],
                "self": false,
                "to_port": 0
              }
            ],
            "id": "sg-093c58558e6824668",
            "ingress": [
              {
                "cidr_blocks": [
                  "10.0.0.83/32"
                ],
                "description": "",
                "from_port": 22,
                "ipv6_cidr_blocks": [],
                "prefix_list_ids": [],
                "protocol": "tcp",
                "security_groups": [],
                "self": false,
                "to_port": 22
              }
            ],
            "name": "Sg",
            "name_prefix": "",
            "owner_id": "678260741805",
            "revoke_rules_on_delete": false,
            "tags": {
              "Name": "Sg"
            },
            "tags_all": {
              "Name": "Sg"
            },
            "timeouts": null,
            "vpc_id": "vpc-0a5f8011a3f4b8d12"
          },
          "sensitive_attributes": [],
          "private": "eyJlMmJmYjczMC1lY2FhLTExZTYtOGY4OC0zNDM2M2JjN2M0YzAiOnsiY3JlYXRlIjo2MDAwMDAwMDAwMDAsImRlbGV0ZSI6OTAwMDAwMDAwMDAwfSwic2NoZW1hX3ZlcnNpb24iOiIxIn0=",
          "dependencies": [
            "aws_vpc.vpc-thai"
          ]
        }
      ]
    },
    {
      "mode": "managed",
      "type": "aws_security_group",
      "name": "Sg-private",
      "provider": "provider[\"registry.terraform.io/hashicorp/aws\"]",
      "instances": [
        {
          "schema_version": 1,
          "attributes": {
            "arn": "arn:aws:ec2:us-east-2:678260741805:security-group/sg-0d7f18d4165aedd39",
            "description": "Managed by Terraform",
            "egress": [
              {
                "cidr_blocks": [
                  "0.0.0.0/0"
                ],
                "description": "",
                "from_port": 0,
                "ipv6_cidr_blocks": [],
                "prefix_list_ids": [],
                "protocol": "-1",
                "security_groups": [],
                "self": false,
                "to_port": 0
              }
            ],
            "id": "sg-0d7f18d4165aedd39",
            "ingress": [
              {
                "cidr_blocks": [
                  "0.0.0.0/0"
                ],
                "description": "",
                "from_port": 80,
                "ipv6_cidr_blocks": [],
                "prefix_list_ids": [],
                "protocol": "tcp",
                "security_groups": [],
                "self": false,
                "to_port": 80
              }
            ],
            "name": "Sg-private",
            "name_prefix": "",
            "owner_id": "678260741805",
            "revoke_rules_on_delete": false,
            "tags": {
              "Name": "Sg-private"
            },
            "tags_all": {
              "Name": "Sg-private"
            },
            "timeouts": null,
            "vpc_id": "vpc-0a5f8011a3f4b8d12"
          },
          "sensitive_attributes": [],
          "private": "eyJlMmJmYjczMC1lY2FhLTExZTYtOGY4OC0zNDM2M2JjN2M0YzAiOnsiY3JlYXRlIjo2MDAwMDAwMDAwMDAsImRlbGV0ZSI6OTAwMDAwMDAwMDAwfSwic2NoZW1hX3ZlcnNpb24iOiIxIn0=",
          "dependencies": [
            "aws_vpc.vpc-thai"
          ]
        }
      ]
    },
    {
      "mode": "managed",
      "type": "aws_subnet",
      "name": "private",
      "provider": "provider[\"registry.terraform.io/hashicorp/aws\"]",
      "instances": [
        {
          "schema_version": 1,
          "attributes": {
            "arn": "arn:aws:ec2:us-east-2:678260741805:subnet/subnet-0218b9d9333743c26",
            "assign_ipv6_address_on_creation": false,
            "availability_zone": "us-east-2a",
            "availability_zone_id": "use2-az1",
            "cidr_block": "10.0.1.0/24",
            "customer_owned_ipv4_pool": "",
            "enable_dns64": false,
            "enable_resource_name_dns_a_record_on_launch": false,
            "enable_resource_name_dns_aaaa_record_on_launch": false,
            "id": "subnet-0218b9d9333743c26",
            "ipv6_cidr_block": "",
            "ipv6_cidr_block_association_id": "",
            "ipv6_native": false,
            "map_customer_owned_ip_on_launch": false,
            "map_public_ip_on_launch": false,
            "outpost_arn": "",
            "owner_id": "678260741805",
            "private_dns_hostname_type_on_launch": "ip-name",
            "tags": {
              "Name": "Private Subnet"
            },
            "tags_all": {
              "Name": "Private Subnet"
            },
            "timeouts": null,
            "vpc_id": "vpc-0a5f8011a3f4b8d12"
          },
          "sensitive_attributes": [],
          "private": "eyJlMmJmYjczMC1lY2FhLTExZTYtOGY4OC0zNDM2M2JjN2M0YzAiOnsiY3JlYXRlIjo2MDAwMDAwMDAwMDAsImRlbGV0ZSI6MTIwMDAwMDAwMDAwMH0sInNjaGVtYV92ZXJzaW9uIjoiMSJ9",
          "dependencies": [
            "aws_vpc.vpc-thai"
          ]
        }
      ]
    },
    {
      "mode": "managed",
      "type": "aws_subnet",
      "name": "public",
      "provider": "provider[\"registry.terraform.io/hashicorp/aws\"]",
      "instances": [
        {
          "schema_version": 1,
          "attributes": {
            "arn": "arn:aws:ec2:us-east-2:678260741805:subnet/subnet-0bc0ce32e2722fbf4",
            "assign_ipv6_address_on_creation": false,
            "availability_zone": "us-east-2a",
            "availability_zone_id": "use2-az1",
            "cidr_block": "10.0.0.0/24",
            "customer_owned_ipv4_pool": "",
            "enable_dns64": false,
            "enable_resource_name_dns_a_record_on_launch": false,
            "enable_resource_name_dns_aaaa_record_on_launch": false,
            "id": "subnet-0bc0ce32e2722fbf4",
            "ipv6_cidr_block": "",
            "ipv6_cidr_block_association_id": "",
            "ipv6_native": false,
            "map_customer_owned_ip_on_launch": false,
            "map_public_ip_on_launch": false,
            "outpost_arn": "",
            "owner_id": "678260741805",
            "private_dns_hostname_type_on_launch": "ip-name",
            "tags": {
              "Name": "Public Subnet"
            },
            "tags_all": {
              "Name": "Public Subnet"
            },
            "timeouts": null,
            "vpc_id": "vpc-0a5f8011a3f4b8d12"
          },
          "sensitive_attributes": [],
          "private": "eyJlMmJmYjczMC1lY2FhLTExZTYtOGY4OC0zNDM2M2JjN2M0YzAiOnsiY3JlYXRlIjo2MDAwMDAwMDAwMDAsImRlbGV0ZSI6MTIwMDAwMDAwMDAwMH0sInNjaGVtYV92ZXJzaW9uIjoiMSJ9",
          "dependencies": [
            "aws_vpc.vpc-thai"
          ]
        }
      ]
    },
    {
      "mode": "managed",
      "type": "aws_vpc",
      "name": "vpc-thai",
      "provider": "provider[\"registry.terraform.io/hashicorp/aws\"]",
      "instances": [
        {
          "schema_version": 1,
          "attributes": {
            "arn": "arn:aws:ec2:us-east-2:678260741805:vpc/vpc-0a5f8011a3f4b8d12",
            "assign_generated_ipv6_cidr_block": false,
            "cidr_block": "10.0.0.0/16",
            "default_network_acl_id": "acl-0e1b842cb12d5576b",
            "default_route_table_id": "rtb-0ff74d85839182cfa",
            "default_security_group_id": "sg-087a000891bcc4ab9",
            "dhcp_options_id": "dopt-050ad193289630b8c",
            "enable_classiclink": null,
            "enable_classiclink_dns_support": null,
            "enable_dns_hostnames": false,
            "enable_dns_support": true,
            "id": "vpc-0a5f8011a3f4b8d12",
            "instance_tenancy": "default",
            "ipv4_ipam_pool_id": null,
            "ipv4_netmask_length": null,
            "ipv6_association_id": "",
            "ipv6_cidr_block": "",
            "ipv6_ipam_pool_id": null,
            "ipv6_netmask_length": null,
            "main_route_table_id": "rtb-0ff74d85839182cfa",
            "owner_id": "678260741805",
            "tags": {
              "Name": "vpc-thai"
            },
            "tags_all": {
              "Name": "vpc-thai"
            }
          },
          "sensitive_attributes": [],
          "private": "eyJzY2hlbWFfdmVyc2lvbiI6IjEifQ=="
        }
      ]
    }
  ]
}
